
Microsoft Visual Studio Solution File, Format Version 12.00
# Visual Studio Version 17
VisualStudioVersion = 17.5.002.0
MinimumVisualStudioVersion = 10.0.40219.1
Project("{2150E333-8FDC-42A3-9474-1A3956D46DE8}") = "tests", "tests", "{A2EABBD5-6944-42A8-857E-8D6624C9629E}"
EndProject
Project("{9A19103F-16F7-4668-BE54-9A1E7A4F7556}") = "TaskManagementSystem.Tests", "tests\TaskManagementSystem.Tests\TaskManagementSystem.Tests.csproj", "{64CFEAB4-AE81-411A-9755-AF4D6BFCD02D}"
EndProject
Project("{2150E333-8FDC-42A3-9474-1A3956D46DE8}") = "src", "src", "{6F9C8605-909A-4382-A606-C7FD029A53C2}"
EndProject
Project("{9A19103F-16F7-4668-BE54-9A1E7A4F7556}") = "TaskManagementSystem", "src\TaskManagementSystem\TaskManagementSystem.csproj", "{378018EF-4957-4884-BC15-B6397476A30E}"
EndProject
Global
	GlobalSection(SolutionConfigurationPlatforms) = preSolution
		Debug|Any CPU = Debug|Any CPU
		Release|Any CPU = Release|Any CPU
	EndGlobalSection
	GlobalSection(ProjectConfigurationPlatforms) = postSolution
		{64CFEAB4-AE81-411A-9755-AF4D6BFCD02D}.Debug|Any CPU.ActiveCfg = Debug|Any CPU
		{64CFEAB4-AE81-411A-9755-AF4D6BFCD02D}.Debug|Any CPU.Build.0 = Debug|Any CPU
		{64CFEAB4-AE81-411A-9755-AF4D6BFCD02D}.Release|Any CPU.ActiveCfg = Release|Any CPU
		{64CFEAB4-AE81-411A-9755-AF4D6BFCD02D}.Release|Any CPU.Build.0 = Release|Any CPU
		{378018EF-4957-4884-BC15-B6397476A30E}.Debug|Any CPU.ActiveCfg = Debug|Any CPU
		{378018EF-4957-4884-BC15-B6397476A30E}.Debug|Any CPU.Build.0 = Debug|Any CPU
		{378018EF-4957-4884-BC15-B6397476A30E}.Release|Any CPU.ActiveCfg = Release|Any CPU
		{378018EF-4957-4884-BC15-B6397476A30E}.Release|Any CPU.Build.0 = Release|Any CPU
	EndGlobalSection
	GlobalSection(SolutionProperties) = preSolution
		HideSolutionNode = FALSE
	EndGlobalSection
	GlobalSection(NestedProjects) = preSolution
		{64CFEAB4-AE81-411A-9755-AF4D6BFCD02D} = {A2EABBD5-6944-42A8-857E-8D6624C9629E}
		{378018EF-4957-4884-BC15-B6397476A30E} = {6F9C8605-909A-4382-A606-C7FD029A53C2}
	EndGlobalSection
	GlobalSection(ExtensibilityGlobals) = postSolution
		SolutionGuid = {A133DC97-03A6-497A-A7FA-B16907BB26D1}
	EndGlobalSection
EndGlobal
